
Microsoft Visual Studio Solution File, Format Version 12.00
# Visual Studio 15
VisualStudioVersion = 15.0.28307.168
MinimumVisualStudioVersion = 10.0.40219.1
Project("{9A19103F-16F7-4668-BE54-9A1E7A4F7556}") = "OrganizationService.Web", "OrganizationService.Web\OrganizationService.Web.csproj", "{F378383D-2480-4079-AC94-350040F9F7B3}"
EndProject
Project("{9A19103F-16F7-4668-BE54-9A1E7A4F7556}") = "OrganizationService.Grpc", "OrganizationService.Grpc\OrganizationService.Grpc.csproj", "{0DED8690-21F1-4A1D-AC5D-FC918B1AC991}"
EndProject
Project("{9A19103F-16F7-4668-BE54-9A1E7A4F7556}") = "OrganizationService.Messaging", "OrganizationService.Messaging\OrganizationService.Messaging.csproj", "{CCE0BDD5-22D2-4783-836C-8B7885631634}"
EndProject
Project("{9A19103F-16F7-4668-BE54-9A1E7A4F7556}") = "OrganizationService.Tests", "OrganizationService.Tests\OrganizationService.Tests.csproj", "{E49A5F7C-8B62-48E4-9C10-00F5AB8CA06F}"
EndProject
Global
	GlobalSection(SolutionConfigurationPlatforms) = preSolution
		Debug|Any CPU = Debug|Any CPU
		Release|Any CPU = Release|Any CPU
	EndGlobalSection
	GlobalSection(ProjectConfigurationPlatforms) = postSolution
		{F378383D-2480-4079-AC94-350040F9F7B3}.Debug|Any CPU.ActiveCfg = Debug|Any CPU
		{F378383D-2480-4079-AC94-350040F9F7B3}.Debug|Any CPU.Build.0 = Debug|Any CPU
		{F378383D-2480-4079-AC94-350040F9F7B3}.Release|Any CPU.ActiveCfg = Release|Any CPU
		{F378383D-2480-4079-AC94-350040F9F7B3}.Release|Any CPU.Build.0 = Release|Any CPU
		{0DED8690-21F1-4A1D-AC5D-FC918B1AC991}.Debug|Any CPU.ActiveCfg = Debug|Any CPU
		{0DED8690-21F1-4A1D-AC5D-FC918B1AC991}.Debug|Any CPU.Build.0 = Debug|Any CPU
		{0DED8690-21F1-4A1D-AC5D-FC918B1AC991}.Release|Any CPU.ActiveCfg = Release|Any CPU
		{0DED8690-21F1-4A1D-AC5D-FC918B1AC991}.Release|Any CPU.Build.0 = Release|Any CPU
		{CCE0BDD5-22D2-4783-836C-8B7885631634}.Debug|Any CPU.ActiveCfg = Debug|Any CPU
		{CCE0BDD5-22D2-4783-836C-8B7885631634}.Debug|Any CPU.Build.0 = Debug|Any CPU
		{CCE0BDD5-22D2-4783-836C-8B7885631634}.Release|Any CPU.ActiveCfg = Release|Any CPU
		{CCE0BDD5-22D2-4783-836C-8B7885631634}.Release|Any CPU.Build.0 = Release|Any CPU
		{E49A5F7C-8B62-48E4-9C10-00F5AB8CA06F}.Debug|Any CPU.ActiveCfg = Debug|Any CPU
		{E49A5F7C-8B62-48E4-9C10-00F5AB8CA06F}.Debug|Any CPU.Build.0 = Debug|Any CPU
		{E49A5F7C-8B62-48E4-9C10-00F5AB8CA06F}.Release|Any CPU.ActiveCfg = Release|Any CPU
		{E49A5F7C-8B62-48E4-9C10-00F5AB8CA06F}.Release|Any CPU.Build.0 = Release|Any CPU
	EndGlobalSection
	GlobalSection(SolutionProperties) = preSolution
		HideSolutionNode = FALSE
	EndGlobalSection
	GlobalSection(ExtensibilityGlobals) = postSolution
		SolutionGuid = {29CA93C4-9C8B-4742-AD0E-B002C9F264FC}
	EndGlobalSection
EndGlobal
